<?xml version="1.0" encoding="utf-8"?>
<Project ToolsVersion="4.0" xmlns="http://schemas.microsoft.com/developer/msbuild/2003">
  <ItemGroup>
    <Filter Include="소스 파일">
      <UniqueIdentifier>{4FC737F1-C7A5-4376-A066-2A32D752A2FF}</UniqueIdentifier>
      <Extensions>cpp;c;cc;cxx;c++;cppm;ixx;def;odl;idl;hpj;bat;asm;asmx</Extensions>
    </Filter>
    <Filter Include="소스 파일\Main">
      <UniqueIdentifier>{e565f757-7dd4-463d-ad19-a9f1d7485c6d}</UniqueIdentifier>
    </Filter>
    <Filter Include="소스 파일\Protocol">
      <UniqueIdentifier>{7a8d3615-7539-4caf-9328-96f62b03ccaa}</UniqueIdentifier>
    </Filter>
    <Filter Include="소스 파일\Protocol\Proto">
      <UniqueIdentifier>{99f546b6-6a92-4535-b6ad-4544305b0553}</UniqueIdentifier>
    </Filter>
    <Filter Include="소스 파일\Game">
      <UniqueIdentifier>{53e83452-dc85-4b5a-b734-a0b378535a4b}</UniqueIdentifier>
    </Filter>
    <Filter Include="소스 파일\Game\Room">
      <UniqueIdentifier>{b258b9cc-328a-45d8-8eb0-618f074befdf}</UniqueIdentifier>
    </Filter>
    <Filter Include="소스 파일\Game\Objects">
      <UniqueIdentifier>{c2513743-8e23-4035-b879-e79a540b954a}</UniqueIdentifier>
    </Filter>
    <Filter Include="소스 파일\Game\Managers">
      <UniqueIdentifier>{edf7e316-6c5f-4794-b517-a569016083ad}</UniqueIdentifier>
    </Filter>
    <Filter Include="소스 파일\Game\Data">
      <UniqueIdentifier>{8627e74d-a626-4812-b321-b9bca099c8a8}</UniqueIdentifier>
    </Filter>
    <Filter Include="소스 파일\Game\Objects\Creature">
      <UniqueIdentifier>{2788976c-7493-4b89-a737-3d73e7e5614e}</UniqueIdentifier>
    </Filter>
  </ItemGroup>
  <ItemGroup>
    <ClCompile Include="GameSessionManager.cpp">
      <Filter>소스 파일\Main</Filter>
    </ClCompile>
    <ClCompile Include="GameSession.cpp">
      <Filter>소스 파일\Main</Filter>
    </ClCompile>
    <ClCompile Include="ServerPacketHandler.cpp">
      <Filter>소스 파일\Main</Filter>
    </ClCompile>
    <ClCompile Include="pch.cpp">
      <Filter>소스 파일\Main</Filter>
    </ClCompile>
    <ClCompile Include="Server.cpp">
      <Filter>소스 파일\Main</Filter>
    </ClCompile>
    <ClCompile Include="Enum.pb.cc">
      <Filter>소스 파일\Protocol</Filter>
    </ClCompile>
    <ClCompile Include="Protocol.pb.cc">
      <Filter>소스 파일\Protocol</Filter>
    </ClCompile>
    <ClCompile Include="Struct.pb.cc">
      <Filter>소스 파일\Protocol</Filter>
    </ClCompile>
    <ClCompile Include="GameRoom.cpp">
      <Filter>소스 파일\Game\Room</Filter>
    </ClCompile>
    <ClCompile Include="GameObject.cpp">
      <Filter>소스 파일\Game\Objects</Filter>
    </ClCompile>
    <ClCompile Include="DataManager.cpp">
      <Filter>소스 파일\Game\Managers</Filter>
    </ClCompile>
    <ClCompile Include="Stat.cpp">
      <Filter>소스 파일\Game\Data</Filter>
    </ClCompile>
    <ClCompile Include="Actor.cpp">
      <Filter>소스 파일\Game\Objects</Filter>
    </ClCompile>
    <ClCompile Include="Stage.cpp">
      <Filter>소스 파일\Game\Data</Filter>
    </ClCompile>
    <ClCompile Include="Monster.cpp">
      <Filter>소스 파일\Game\Objects\Creature</Filter>
    </ClCompile>
    <ClCompile Include="Player.cpp">
      <Filter>소스 파일\Game\Objects\Creature</Filter>
    </ClCompile>
    <ClCompile Include="TiredOfficeWorker.cpp">
      <Filter>소스 파일\Game\Objects\Creature</Filter>
    </ClCompile>
    <ClCompile Include="BrokenCopyMachine.cpp">
      <Filter>소스 파일\Game\Objects\Creature</Filter>
    </ClCompile>
    <ClCompile Include="TimeManager.cpp">
      <Filter>소스 파일\Game\Managers</Filter>
    </ClCompile>
  </ItemGroup>
  <ItemGroup>
    <ClInclude Include="GameSession.h">
      <Filter>소스 파일\Main</Filter>
    </ClInclude>
    <ClInclude Include="GameSessionManager.h">
      <Filter>소스 파일\Main</Filter>
    </ClInclude>
    <ClInclude Include="ServerPacketHandler.h">
      <Filter>소스 파일\Main</Filter>
    </ClInclude>
    <ClInclude Include="pch.h">
      <Filter>소스 파일\Main</Filter>
    </ClInclude>
    <ClInclude Include="Enum.pb.h">
      <Filter>소스 파일\Protocol</Filter>
    </ClInclude>
    <ClInclude Include="Protocol.pb.h">
      <Filter>소스 파일\Protocol</Filter>
    </ClInclude>
    <ClInclude Include="Struct.pb.h">
      <Filter>소스 파일\Protocol</Filter>
    </ClInclude>
    <ClInclude Include="GameRoom.h">
      <Filter>소스 파일\Game\Room</Filter>
    </ClInclude>
    <ClInclude Include="GameObject.h">
      <Filter>소스 파일\Game\Objects</Filter>
    </ClInclude>
    <ClInclude Include="DataManager.h">
      <Filter>소스 파일\Game\Managers</Filter>
    </ClInclude>
    <ClInclude Include="Defines.h">
      <Filter>소스 파일\Main</Filter>
    </ClInclude>
    <ClInclude Include="Stat.h">
      <Filter>소스 파일\Game\Data</Filter>
    </ClInclude>
    <ClInclude Include="Actor.h">
      <Filter>소스 파일\Game\Objects</Filter>
    </ClInclude>
    <ClInclude Include="Stage.h">
      <Filter>소스 파일\Game\Data</Filter>
    </ClInclude>
    <ClInclude Include="Monster.h">
      <Filter>소스 파일\Game\Objects\Creature</Filter>
    </ClInclude>
    <ClInclude Include="Player.h">
      <Filter>소스 파일\Game\Objects\Creature</Filter>
    </ClInclude>
    <ClInclude Include="TiredOfficeWorker.h">
      <Filter>소스 파일\Game\Objects\Creature</Filter>
    </ClInclude>
    <ClInclude Include="BrokenCopyMachine.h">
      <Filter>소스 파일\Game\Objects\Creature</Filter>
    </ClInclude>
    <ClInclude Include="TimeManager.h">
      <Filter>소스 파일\Game\Managers</Filter>
    </ClInclude>
  </ItemGroup>
  <ItemGroup>
    <None Include="..\Common\protoc-21.12-win64\bin\Enum.proto">
      <Filter>소스 파일\Protocol\Proto</Filter>
    </None>
    <None Include="..\Common\protoc-21.12-win64\bin\Protocol.proto">
      <Filter>소스 파일\Protocol\Proto</Filter>
    </None>
    <None Include="..\Common\protoc-21.12-win64\bin\Struct.proto">
      <Filter>소스 파일\Protocol\Proto</Filter>
    </None>
    <None Include="..\Common\protoc-21.12-win64\bin\GenPackets.bat">
      <Filter>소스 파일\Protocol\Proto</Filter>
    </None>
  </ItemGroup>
</Project>